
Microsoft Visual Studio Solution File, Format Version 12.00
# Visual Studio Version 17
VisualStudioVersion = 17.3.32901.215
MinimumVisualStudioVersion = 10.0.40219.1
Project("{FAE04EC0-301F-11D3-BF4B-00C04F79EFBC}") = "RandomGame v.2", "RandomGame v.2.csproj", "{71109A95-4E5C-4D3A-918D-8027377E1A6D}"
EndProject
Global
	GlobalSection(SolutionConfigurationPlatforms) = preSolution
		Debug|Any CPU = Debug|Any CPU
		Release|Any CPU = Release|Any CPU
	EndGlobalSection
	GlobalSection(ProjectConfigurationPlatforms) = postSolution
		{71109A95-4E5C-4D3A-918D-8027377E1A6D}.Debug|Any CPU.ActiveCfg = Debug|Any CPU
		{71109A95-4E5C-4D3A-918D-8027377E1A6D}.Debug|Any CPU.Build.0 = Debug|Any CPU
		{71109A95-4E5C-4D3A-918D-8027377E1A6D}.Release|Any CPU.ActiveCfg = Release|Any CPU
		{71109A95-4E5C-4D3A-918D-8027377E1A6D}.Release|Any CPU.Build.0 = Release|Any CPU
	EndGlobalSection
	GlobalSection(SolutionProperties) = preSolution
		HideSolutionNode = FALSE
	EndGlobalSection
	GlobalSection(ExtensibilityGlobals) = postSolution
		SolutionGuid = {F1CA2811-BAB3-4659-BDE6-D7BA3D65F8D7}
	EndGlobalSection
EndGlobal
